// !$*UTF8*$!
{
	archiveVersion = 1;
	classes = {
	};
	objectVersion = 46;
	objects = {

/* Begin PBXBuildFile section */
		042FC13E1D66BA8600244EF0 /* DPASideMenuTableViewCell.xib in Resources */ = {isa = PBXBuildFile; fileRef = 042FC13D1D66BA8600244EF0 /* DPASideMenuTableViewCell.xib */; };
		042FC1401D66BF2100244EF0 /* DPASideMenuTableViewCell.swift in Sources */ = {isa = PBXBuildFile; fileRef = 042FC13F1D66BF2100244EF0 /* DPASideMenuTableViewCell.swift */; };
		047667D81D63EBB300F0E0A6 /* DPACollectionVCCustomFlow.swift in Sources */ = {isa = PBXBuildFile; fileRef = 047667D71D63EBB300F0E0A6 /* DPACollectionVCCustomFlow.swift */; };
		0480E1371D6DED2E000F9338 /* DPAResourceDetailStretchyHeaderView.swift in Sources */ = {isa = PBXBuildFile; fileRef = 0480E1361D6DED2E000F9338 /* DPAResourceDetailStretchyHeaderView.swift */; };
		0480E1391D6DEDE8000F9338 /* DPAResourceDetailStretchyHeaderView.xib in Resources */ = {isa = PBXBuildFile; fileRef = 0480E1381D6DEDE8000F9338 /* DPAResourceDetailStretchyHeaderView.xib */; };
		0480E13B1D6DF8DB000F9338 /* DPAResourceDetailViewController.swift in Sources */ = {isa = PBXBuildFile; fileRef = 0480E13A1D6DF8DB000F9338 /* DPAResourceDetailViewController.swift */; };
		0480E1411D6E0595000F9338 /* back.png in Resources */ = {isa = PBXBuildFile; fileRef = 0480E1401D6E0595000F9338 /* back.png */; };
		049E36851D6411DA00AC924E /* DPALinks.swift in Sources */ = {isa = PBXBuildFile; fileRef = 049E36841D6411DA00AC924E /* DPALinks.swift */; };
		04AD70BD1D65A21E009ECE73 /* menu@1x.png in Resources */ = {isa = PBXBuildFile; fileRef = 04AD70BA1D65A21E009ECE73 /* menu@1x.png */; };
		04AD70BE1D65A21E009ECE73 /* menu@2x.png in Resources */ = {isa = PBXBuildFile; fileRef = 04AD70BB1D65A21E009ECE73 /* menu@2x.png */; };
		04AD70BF1D65A21E009ECE73 /* menu@3x.png in Resources */ = {isa = PBXBuildFile; fileRef = 04AD70BC1D65A21E009ECE73 /* menu@3x.png */; };
		04AD70C31D65B47B009ECE73 /* DPASideViewController.swift in Sources */ = {isa = PBXBuildFile; fileRef = 04AD70C21D65B47B009ECE73 /* DPASideViewController.swift */; };
		04BCC4C01D62FDE9004F8543 /* AppDelegate.swift in Sources */ = {isa = PBXBuildFile; fileRef = 04BCC4BF1D62FDE9004F8543 /* AppDelegate.swift */; };
		04BCC4C21D62FDE9004F8543 /* ViewController.swift in Sources */ = {isa = PBXBuildFile; fileRef = 04BCC4C11D62FDE9004F8543 /* ViewController.swift */; };
		04BCC4C51D62FDE9004F8543 /* Main.storyboard in Resources */ = {isa = PBXBuildFile; fileRef = 04BCC4C31D62FDE9004F8543 /* Main.storyboard */; };
		04BCC4C81D62FDE9004F8543 /* DiepPhapAm.xcdatamodeld in Sources */ = {isa = PBXBuildFile; fileRef = 04BCC4C61D62FDE9004F8543 /* DiepPhapAm.xcdatamodeld */; };
		04BCC4CA1D62FDE9004F8543 /* Assets.xcassets in Resources */ = {isa = PBXBuildFile; fileRef = 04BCC4C91D62FDE9004F8543 /* Assets.xcassets */; };
		04BCC4CD1D62FDE9004F8543 /* LaunchScreen.storyboard in Resources */ = {isa = PBXBuildFile; fileRef = 04BCC4CB1D62FDE9004F8543 /* LaunchScreen.storyboard */; };
		04BCC4D51D62FF85004F8543 /* DPAViewController.swift in Sources */ = {isa = PBXBuildFile; fileRef = 04BCC4D41D62FF85004F8543 /* DPAViewController.swift */; };
		04BCC4DA1D6303ED004F8543 /* ResourceCollectionViewCell.swift in Sources */ = {isa = PBXBuildFile; fileRef = 04BCC4D91D6303ED004F8543 /* ResourceCollectionViewCell.swift */; };
		04BCC4E61D630597004F8543 /* ResourceCollectionViewCell.xib in Resources */ = {isa = PBXBuildFile; fileRef = 04BCC4E51D630597004F8543 /* ResourceCollectionViewCell.xib */; };
		04BEDEC51D675C620045F505 /* DPACategory.swift in Sources */ = {isa = PBXBuildFile; fileRef = 04BEDEC41D675C620045F505 /* DPACategory.swift */; };
		04D8126A1D647F2D00D3246A /* menu.png in Resources */ = {isa = PBXBuildFile; fileRef = 04D812691D647F2D00D3246A /* menu.png */; };
		04D8126C1D647F6D00D3246A /* arrowdown.png in Resources */ = {isa = PBXBuildFile; fileRef = 04D8126B1D647F6D00D3246A /* arrowdown.png */; };
		04DED06F1D6D7B2100EC03BB /* home.png in Resources */ = {isa = PBXBuildFile; fileRef = 04DED06E1D6D7B2100EC03BB /* home.png */; };
		04DED0731D6D7B5D00EC03BB /* login.png in Resources */ = {isa = PBXBuildFile; fileRef = 04DED0721D6D7B5D00EC03BB /* login.png */; };
		04DED0751D6D7BA300EC03BB /* favorite.png in Resources */ = {isa = PBXBuildFile; fileRef = 04DED0741D6D7BA300EC03BB /* favorite.png */; };
		04DED0771D6D7BD700EC03BB /* setting.png in Resources */ = {isa = PBXBuildFile; fileRef = 04DED0761D6D7BD700EC03BB /* setting.png */; };
		04E07A121D63314C00AB6A7E /* DPAResource.swift in Sources */ = {isa = PBXBuildFile; fileRef = 04E07A111D63314C00AB6A7E /* DPAResource.swift */; };
		04E07A141D63334200AB6A7E /* DpaAPI.swift in Sources */ = {isa = PBXBuildFile; fileRef = 04E07A131D63334200AB6A7E /* DpaAPI.swift */; };
		04E26DE41D68075D00336506 /* DPACategoryTableViewCell.swift in Sources */ = {isa = PBXBuildFile; fileRef = 04E26DE21D68075D00336506 /* DPACategoryTableViewCell.swift */; };
		04E26DE51D68075D00336506 /* DPACategoryTableViewCell.xib in Resources */ = {isa = PBXBuildFile; fileRef = 04E26DE31D68075D00336506 /* DPACategoryTableViewCell.xib */; };
		04E8F0AB1D64BCC700F99109 /* DPASelectorView.swift in Sources */ = {isa = PBXBuildFile; fileRef = 04E8F0AA1D64BCC700F99109 /* DPASelectorView.swift */; };
		04E8F0AD1D64BEC600F99109 /* DPASelectorView.xib in Resources */ = {isa = PBXBuildFile; fileRef = 04E8F0AC1D64BEC600F99109 /* DPASelectorView.xib */; };
		04ECFF4B1D6604DA0001935E /* VerticalThreeDots.png in Resources */ = {isa = PBXBuildFile; fileRef = 04ECFF4A1D6604DA0001935E /* VerticalThreeDots.png */; };
		04ECFF4D1D660A220001935E /* DPAResourceCellOptionPopUpView.xib in Resources */ = {isa = PBXBuildFile; fileRef = 04ECFF4C1D660A220001935E /* DPAResourceCellOptionPopUpView.xib */; };
		04ECFF4F1D660B3D0001935E /* DPAResourceCellOptionPopUpView.swift in Sources */ = {isa = PBXBuildFile; fileRef = 04ECFF4E1D660B3D0001935E /* DPAResourceCellOptionPopUpView.swift */; };
		04F728A31D6BD6E900C41954 /* DPACoreDatabase.swift in Sources */ = {isa = PBXBuildFile; fileRef = 04F728A21D6BD6E900C41954 /* DPACoreDatabase.swift */; };
		04F728A51D6C1EBD00C41954 /* DPAFavoriteViewController.swift in Sources */ = {isa = PBXBuildFile; fileRef = 04F728A41D6C1EBD00C41954 /* DPAFavoriteViewController.swift */; };
		A09E892DB6489634B2B7A85C /* Pods_DiepPhapAm.framework in Frameworks */ = {isa = PBXBuildFile; fileRef = 36D71718155E4BFEA6D031BD /* Pods_DiepPhapAm.framework */; };
/* End PBXBuildFile section */

/* Begin PBXFileReference section */
		042FC13D1D66BA8600244EF0 /* DPASideMenuTableViewCell.xib */ = {isa = PBXFileReference; fileEncoding = 4; lastKnownFileType = file.xib; path = DPASideMenuTableViewCell.xib; sourceTree = "<group>"; };
		042FC13F1D66BF2100244EF0 /* DPASideMenuTableViewCell.swift */ = {isa = PBXFileReference; fileEncoding = 4; lastKnownFileType = sourcecode.swift; path = DPASideMenuTableViewCell.swift; sourceTree = "<group>"; };
		047043731D6B3C70003C380F /* aaaa.h */ = {isa = PBXFileReference; lastKnownFileType = sourcecode.c.h; path = aaaa.h; sourceTree = "<group>"; };
		047043741D6B3CE4003C380F /* DiepPhapAm-Bridging-Header.h */ = {isa = PBXFileReference; fileEncoding = 4; lastKnownFileType = sourcecode.c.h; path = "DiepPhapAm-Bridging-Header.h"; sourceTree = "<group>"; };
		047667D71D63EBB300F0E0A6 /* DPACollectionVCCustomFlow.swift */ = {isa = PBXFileReference; fileEncoding = 4; lastKnownFileType = sourcecode.swift; path = DPACollectionVCCustomFlow.swift; sourceTree = "<group>"; };
		0480E1361D6DED2E000F9338 /* DPAResourceDetailStretchyHeaderView.swift */ = {isa = PBXFileReference; fileEncoding = 4; lastKnownFileType = sourcecode.swift; path = DPAResourceDetailStretchyHeaderView.swift; sourceTree = "<group>"; };
		0480E1381D6DEDE8000F9338 /* DPAResourceDetailStretchyHeaderView.xib */ = {isa = PBXFileReference; fileEncoding = 4; lastKnownFileType = file.xib; path = DPAResourceDetailStretchyHeaderView.xib; sourceTree = "<group>"; };
		0480E13A1D6DF8DB000F9338 /* DPAResourceDetailViewController.swift */ = {isa = PBXFileReference; fileEncoding = 4; lastKnownFileType = sourcecode.swift; path = DPAResourceDetailViewController.swift; sourceTree = "<group>"; };
		0480E1401D6E0595000F9338 /* back.png */ = {isa = PBXFileReference; lastKnownFileType = image.png; path = back.png; sourceTree = "<group>"; };
		049E36841D6411DA00AC924E /* DPALinks.swift */ = {isa = PBXFileReference; fileEncoding = 4; lastKnownFileType = sourcecode.swift; path = DPALinks.swift; sourceTree = "<group>"; };
		04AD70BA1D65A21E009ECE73 /* menu@1x.png */ = {isa = PBXFileReference; lastKnownFileType = image.png; path = "menu@1x.png"; sourceTree = "<group>"; };
		04AD70BB1D65A21E009ECE73 /* menu@2x.png */ = {isa = PBXFileReference; lastKnownFileType = image.png; path = "menu@2x.png"; sourceTree = "<group>"; };
		04AD70BC1D65A21E009ECE73 /* menu@3x.png */ = {isa = PBXFileReference; lastKnownFileType = image.png; path = "menu@3x.png"; sourceTree = "<group>"; };
		04AD70C21D65B47B009ECE73 /* DPASideViewController.swift */ = {isa = PBXFileReference; fileEncoding = 4; lastKnownFileType = sourcecode.swift; path = DPASideViewController.swift; sourceTree = "<group>"; };
		04BCC4BC1D62FDE9004F8543 /* DiepPhapAm.app */ = {isa = PBXFileReference; explicitFileType = wrapper.application; includeInIndex = 0; path = DiepPhapAm.app; sourceTree = BUILT_PRODUCTS_DIR; };
		04BCC4BF1D62FDE9004F8543 /* AppDelegate.swift */ = {isa = PBXFileReference; lastKnownFileType = sourcecode.swift; path = AppDelegate.swift; sourceTree = "<group>"; };
		04BCC4C11D62FDE9004F8543 /* ViewController.swift */ = {isa = PBXFileReference; lastKnownFileType = sourcecode.swift; path = ViewController.swift; sourceTree = "<group>"; };
		04BCC4C41D62FDE9004F8543 /* Base */ = {isa = PBXFileReference; lastKnownFileType = file.storyboard; name = Base; path = Base.lproj/Main.storyboard; sourceTree = "<group>"; };
		04BCC4C71D62FDE9004F8543 /* DiepPhapAm.xcdatamodel */ = {isa = PBXFileReference; lastKnownFileType = wrapper.xcdatamodel; path = DiepPhapAm.xcdatamodel; sourceTree = "<group>"; };
		04BCC4C91D62FDE9004F8543 /* Assets.xcassets */ = {isa = PBXFileReference; lastKnownFileType = folder.assetcatalog; path = Assets.xcassets; sourceTree = "<group>"; };
		04BCC4CC1D62FDE9004F8543 /* Base */ = {isa = PBXFileReference; lastKnownFileType = file.storyboard; name = Base; path = Base.lproj/LaunchScreen.storyboard; sourceTree = "<group>"; };
		04BCC4CE1D62FDE9004F8543 /* Info.plist */ = {isa = PBXFileReference; lastKnownFileType = text.plist.xml; path = Info.plist; sourceTree = "<group>"; };
		04BCC4D41D62FF85004F8543 /* DPAViewController.swift */ = {isa = PBXFileReference; fileEncoding = 4; lastKnownFileType = sourcecode.swift; path = DPAViewController.swift; sourceTree = "<group>"; };
		04BCC4D91D6303ED004F8543 /* ResourceCollectionViewCell.swift */ = {isa = PBXFileReference; fileEncoding = 4; lastKnownFileType = sourcecode.swift; path = ResourceCollectionViewCell.swift; sourceTree = "<group>"; };
		04BCC4E51D630597004F8543 /* ResourceCollectionViewCell.xib */ = {isa = PBXFileReference; fileEncoding = 4; lastKnownFileType = file.xib; path = ResourceCollectionViewCell.xib; sourceTree = "<group>"; };
		04BEDEC41D675C620045F505 /* DPACategory.swift */ = {isa = PBXFileReference; fileEncoding = 4; lastKnownFileType = sourcecode.swift; path = DPACategory.swift; sourceTree = "<group>"; };
		04D812691D647F2D00D3246A /* menu.png */ = {isa = PBXFileReference; lastKnownFileType = image.png; path = menu.png; sourceTree = "<group>"; };
		04D8126B1D647F6D00D3246A /* arrowdown.png */ = {isa = PBXFileReference; lastKnownFileType = image.png; path = arrowdown.png; sourceTree = "<group>"; };
		04DED06E1D6D7B2100EC03BB /* home.png */ = {isa = PBXFileReference; lastKnownFileType = image.png; path = home.png; sourceTree = "<group>"; };
		04DED0721D6D7B5D00EC03BB /* login.png */ = {isa = PBXFileReference; lastKnownFileType = image.png; path = login.png; sourceTree = "<group>"; };
		04DED0741D6D7BA300EC03BB /* favorite.png */ = {isa = PBXFileReference; lastKnownFileType = image.png; path = favorite.png; sourceTree = "<group>"; };
		04DED0761D6D7BD700EC03BB /* setting.png */ = {isa = PBXFileReference; lastKnownFileType = image.png; path = setting.png; sourceTree = "<group>"; };
		04E07A111D63314C00AB6A7E /* DPAResource.swift */ = {isa = PBXFileReference; fileEncoding = 4; lastKnownFileType = sourcecode.swift; path = DPAResource.swift; sourceTree = "<group>"; };
		04E07A131D63334200AB6A7E /* DpaAPI.swift */ = {isa = PBXFileReference; fileEncoding = 4; lastKnownFileType = sourcecode.swift; path = DpaAPI.swift; sourceTree = "<group>"; };
		04E26DE21D68075D00336506 /* DPACategoryTableViewCell.swift */ = {isa = PBXFileReference; fileEncoding = 4; lastKnownFileType = sourcecode.swift; path = DPACategoryTableViewCell.swift; sourceTree = "<group>"; };
		04E26DE31D68075D00336506 /* DPACategoryTableViewCell.xib */ = {isa = PBXFileReference; fileEncoding = 4; lastKnownFileType = file.xib; path = DPACategoryTableViewCell.xib; sourceTree = "<group>"; };
		04E8F0AA1D64BCC700F99109 /* DPASelectorView.swift */ = {isa = PBXFileReference; fileEncoding = 4; lastKnownFileType = sourcecode.swift; path = DPASelectorView.swift; sourceTree = "<group>"; };
		04E8F0AC1D64BEC600F99109 /* DPASelectorView.xib */ = {isa = PBXFileReference; fileEncoding = 4; lastKnownFileType = file.xib; path = DPASelectorView.xib; sourceTree = "<group>"; };
		04ECFF4A1D6604DA0001935E /* VerticalThreeDots.png */ = {isa = PBXFileReference; lastKnownFileType = image.png; path = VerticalThreeDots.png; sourceTree = "<group>"; };
		04ECFF4C1D660A220001935E /* DPAResourceCellOptionPopUpView.xib */ = {isa = PBXFileReference; fileEncoding = 4; lastKnownFileType = file.xib; path = DPAResourceCellOptionPopUpView.xib; sourceTree = "<group>"; };
		04ECFF4E1D660B3D0001935E /* DPAResourceCellOptionPopUpView.swift */ = {isa = PBXFileReference; fileEncoding = 4; lastKnownFileType = sourcecode.swift; path = DPAResourceCellOptionPopUpView.swift; sourceTree = "<group>"; };
		04F728A21D6BD6E900C41954 /* DPACoreDatabase.swift */ = {isa = PBXFileReference; fileEncoding = 4; lastKnownFileType = sourcecode.swift; path = DPACoreDatabase.swift; sourceTree = "<group>"; };
		04F728A41D6C1EBD00C41954 /* DPAFavoriteViewController.swift */ = {isa = PBXFileReference; fileEncoding = 4; lastKnownFileType = sourcecode.swift; path = DPAFavoriteViewController.swift; sourceTree = "<group>"; };
		36D71718155E4BFEA6D031BD /* Pods_DiepPhapAm.framework */ = {isa = PBXFileReference; explicitFileType = wrapper.framework; includeInIndex = 0; path = Pods_DiepPhapAm.framework; sourceTree = BUILT_PRODUCTS_DIR; };
		4D71D64EEBDB549807623FF7 /* Pods-DiepPhapAm.debug.xcconfig */ = {isa = PBXFileReference; includeInIndex = 1; lastKnownFileType = text.xcconfig; name = "Pods-DiepPhapAm.debug.xcconfig"; path = "Pods/Target Support Files/Pods-DiepPhapAm/Pods-DiepPhapAm.debug.xcconfig"; sourceTree = "<group>"; };
		EACFBEA0E682B4A55BF873A8 /* Pods-DiepPhapAm.release.xcconfig */ = {isa = PBXFileReference; includeInIndex = 1; lastKnownFileType = text.xcconfig; name = "Pods-DiepPhapAm.release.xcconfig"; path = "Pods/Target Support Files/Pods-DiepPhapAm/Pods-DiepPhapAm.release.xcconfig"; sourceTree = "<group>"; };
/* End PBXFileReference section */

/* Begin PBXFrameworksBuildPhase section */
		04BCC4B91D62FDE9004F8543 /* Frameworks */ = {
			isa = PBXFrameworksBuildPhase;
			buildActionMask = 2147483647;
			files = (
				A09E892DB6489634B2B7A85C /* Pods_DiepPhapAm.framework in Frameworks */,
			);
			runOnlyForDeploymentPostprocessing = 0;
		};
/* End PBXFrameworksBuildPhase section */

/* Begin PBXGroup section */
		042FC13C1D66BA5E00244EF0 /* DPASideMenuTableViewCell */ = {
			isa = PBXGroup;
			children = (
				042FC13D1D66BA8600244EF0 /* DPASideMenuTableViewCell.xib */,
				042FC13F1D66BF2100244EF0 /* DPASideMenuTableViewCell.swift */,
			);
			name = DPASideMenuTableViewCell;
			sourceTree = "<group>";
		};
		043B8B491D64678A003A036C /* ThirdParty */ = {
			isa = PBXGroup;
			children = (
			);
			name = ThirdParty;
			path = DiepPhapAm;
			sourceTree = "<group>";
		};
		0472C8901D65F78400445A80 /* DPACellOptionPopUpView */ = {
			isa = PBXGroup;
			children = (
				04ECFF4C1D660A220001935E /* DPAResourceCellOptionPopUpView.xib */,
				04ECFF4E1D660B3D0001935E /* DPAResourceCellOptionPopUpView.swift */,
			);
			name = DPACellOptionPopUpView;
			sourceTree = "<group>";
		};
		04BCC4B31D62FDE9004F8543 = {
			isa = PBXGroup;
			children = (
				047043741D6B3CE4003C380F /* DiepPhapAm-Bridging-Header.h */,
				047043731D6B3C70003C380F /* aaaa.h */,
				04D812641D647DDC00D3246A /* image */,
				043B8B491D64678A003A036C /* ThirdParty */,
				04BCC4BE1D62FDE9004F8543 /* DiepPhapAm */,
				04BCC4BD1D62FDE9004F8543 /* Products */,
				B578C9B33D3FE2DE6EDC4548 /* Pods */,
				F7F845A5E2BAFFD3D6862338 /* Frameworks */,
			);
			sourceTree = "<group>";
		};
		04BCC4BD1D62FDE9004F8543 /* Products */ = {
			isa = PBXGroup;
			children = (
				04BCC4BC1D62FDE9004F8543 /* DiepPhapAm.app */,
			);
			name = Products;
			sourceTree = "<group>";
		};
		04BCC4BE1D62FDE9004F8543 /* DiepPhapAm */ = {
			isa = PBXGroup;
			children = (
				04BCC4D71D63027D004F8543 /* Views */,
				04BCC4D81D630285004F8543 /* Controllers */,
				04BCC4D61D630278004F8543 /* Models */,
				04BCC4BF1D62FDE9004F8543 /* AppDelegate.swift */,
				04BCC4C11D62FDE9004F8543 /* ViewController.swift */,
				04BCC4C31D62FDE9004F8543 /* Main.storyboard */,
				04BCC4C91D62FDE9004F8543 /* Assets.xcassets */,
				04BCC4CB1D62FDE9004F8543 /* LaunchScreen.storyboard */,
				04BCC4CE1D62FDE9004F8543 /* Info.plist */,
				04BCC4C61D62FDE9004F8543 /* DiepPhapAm.xcdatamodeld */,
			);
			path = DiepPhapAm;
			sourceTree = "<group>";
		};
		04BCC4D61D630278004F8543 /* Models */ = {
			isa = PBXGroup;
			children = (
				04E07A111D63314C00AB6A7E /* DPAResource.swift */,
				04BEDEC41D675C620045F505 /* DPACategory.swift */,
				04E07A131D63334200AB6A7E /* DpaAPI.swift */,
				047667D71D63EBB300F0E0A6 /* DPACollectionVCCustomFlow.swift */,
				049E36841D6411DA00AC924E /* DPALinks.swift */,
				04F728A21D6BD6E900C41954 /* DPACoreDatabase.swift */,
			);
			name = Models;
			sourceTree = "<group>";
		};
		04BCC4D71D63027D004F8543 /* Views */ = {
			isa = PBXGroup;
			children = (
				042FC13C1D66BA5E00244EF0 /* DPASideMenuTableViewCell */,
				0472C8901D65F78400445A80 /* DPACellOptionPopUpView */,
				04E8F0A91D64B0D400F99109 /* DPASelectorView */,
				04BCC4DB1D6303F3004F8543 /* ResourceCell */,
				04E26DE61D68076700336506 /* DPACategoryTableViewCell */,
				0480E1361D6DED2E000F9338 /* DPAResourceDetailStretchyHeaderView.swift */,
				0480E1381D6DEDE8000F9338 /* DPAResourceDetailStretchyHeaderView.xib */,
			);
			name = Views;
			sourceTree = "<group>";
		};
		04BCC4D81D630285004F8543 /* Controllers */ = {
			isa = PBXGroup;
			children = (
				04BCC4D41D62FF85004F8543 /* DPAViewController.swift */,
				04AD70C21D65B47B009ECE73 /* DPASideViewController.swift */,
				04F728A41D6C1EBD00C41954 /* DPAFavoriteViewController.swift */,
				0480E13A1D6DF8DB000F9338 /* DPAResourceDetailViewController.swift */,
			);
			name = Controllers;
			sourceTree = "<group>";
		};
		04BCC4DB1D6303F3004F8543 /* ResourceCell */ = {
			isa = PBXGroup;
			children = (
				04BCC4D91D6303ED004F8543 /* ResourceCollectionViewCell.swift */,
				04BCC4E51D630597004F8543 /* ResourceCollectionViewCell.xib */,
			);
			name = ResourceCell;
			sourceTree = "<group>";
		};
		04D812641D647DDC00D3246A /* image */ = {
			isa = PBXGroup;
			children = (
				04DED06E1D6D7B2100EC03BB /* home.png */,
				04DED0721D6D7B5D00EC03BB /* login.png */,
				04DED0741D6D7BA300EC03BB /* favorite.png */,
				04DED0761D6D7BD700EC03BB /* setting.png */,
				04D8126B1D647F6D00D3246A /* arrowdown.png */,
				04D812691D647F2D00D3246A /* menu.png */,
				04AD70BA1D65A21E009ECE73 /* menu@1x.png */,
				04AD70BB1D65A21E009ECE73 /* menu@2x.png */,
				04ECFF4A1D6604DA0001935E /* VerticalThreeDots.png */,
				04AD70BC1D65A21E009ECE73 /* menu@3x.png */,
				0480E1401D6E0595000F9338 /* back.png */,
			);
			name = image;
			path = DiepPhapAm;
			sourceTree = "<group>";
		};
		04E26DE61D68076700336506 /* DPACategoryTableViewCell */ = {
			isa = PBXGroup;
			children = (
				04E26DE21D68075D00336506 /* DPACategoryTableViewCell.swift */,
				04E26DE31D68075D00336506 /* DPACategoryTableViewCell.xib */,
			);
			name = DPACategoryTableViewCell;
			sourceTree = "<group>";
		};
		04E8F0A91D64B0D400F99109 /* DPASelectorView */ = {
			isa = PBXGroup;
			children = (
				04E8F0AA1D64BCC700F99109 /* DPASelectorView.swift */,
				04E8F0AC1D64BEC600F99109 /* DPASelectorView.xib */,
			);
			name = DPASelectorView;
			sourceTree = "<group>";
		};
		B578C9B33D3FE2DE6EDC4548 /* Pods */ = {
			isa = PBXGroup;
			children = (
				4D71D64EEBDB549807623FF7 /* Pods-DiepPhapAm.debug.xcconfig */,
				EACFBEA0E682B4A55BF873A8 /* Pods-DiepPhapAm.release.xcconfig */,
			);
			name = Pods;
			sourceTree = "<group>";
		};
		F7F845A5E2BAFFD3D6862338 /* Frameworks */ = {
			isa = PBXGroup;
			children = (
				36D71718155E4BFEA6D031BD /* Pods_DiepPhapAm.framework */,
			);
			name = Frameworks;
			sourceTree = "<group>";
		};
/* End PBXGroup section */

/* Begin PBXNativeTarget section */
		04BCC4BB1D62FDE9004F8543 /* DiepPhapAm */ = {
			isa = PBXNativeTarget;
			buildConfigurationList = 04BCC4D11D62FDE9004F8543 /* Build configuration list for PBXNativeTarget "DiepPhapAm" */;
			buildPhases = (
				773E2917543231A1C191A6A5 /* [CP] Check Pods Manifest.lock */,
				04BCC4B81D62FDE9004F8543 /* Sources */,
				04BCC4B91D62FDE9004F8543 /* Frameworks */,
				04BCC4BA1D62FDE9004F8543 /* Resources */,
				249641C8104115A0E8C202C6 /* [CP] Embed Pods Frameworks */,
				F101BD75984EEE077ECD9283 /* [CP] Copy Pods Resources */,
			);
			buildRules = (
			);
			dependencies = (
			);
			name = DiepPhapAm;
			productName = DiepPhapAm;
			productReference = 04BCC4BC1D62FDE9004F8543 /* DiepPhapAm.app */;
			productType = "com.apple.product-type.application";
		};
/* End PBXNativeTarget section */

/* Begin PBXProject section */
		04BCC4B41D62FDE9004F8543 /* Project object */ = {
			isa = PBXProject;
			attributes = {
				LastSwiftUpdateCheck = 0720;
				LastUpgradeCheck = 0720;
				ORGANIZATIONNAME = LeDucAnh;
				TargetAttributes = {
					04BCC4BB1D62FDE9004F8543 = {
						CreatedOnToolsVersion = 7.2.1;
					};
				};
			};
			buildConfigurationList = 04BCC4B71D62FDE9004F8543 /* Build configuration list for PBXProject "DiepPhapAm" */;
			compatibilityVersion = "Xcode 3.2";
			developmentRegion = English;
			hasScannedForEncodings = 0;
			knownRegions = (
				en,
				Base,
			);
			mainGroup = 04BCC4B31D62FDE9004F8543;
			productRefGroup = 04BCC4BD1D62FDE9004F8543 /* Products */;
			projectDirPath = "";
			projectRoot = "";
			targets = (
				04BCC4BB1D62FDE9004F8543 /* DiepPhapAm */,
			);
		};
/* End PBXProject section */

/* Begin PBXResourcesBuildPhase section */
		04BCC4BA1D62FDE9004F8543 /* Resources */ = {
			isa = PBXResourcesBuildPhase;
			buildActionMask = 2147483647;
			files = (
				04ECFF4B1D6604DA0001935E /* VerticalThreeDots.png in Resources */,
				04AD70BF1D65A21E009ECE73 /* menu@3x.png in Resources */,
				04D8126C1D647F6D00D3246A /* arrowdown.png in Resources */,
				04E26DE51D68075D00336506 /* DPACategoryTableViewCell.xib in Resources */,
				04BCC4CD1D62FDE9004F8543 /* LaunchScreen.storyboard in Resources */,
				04ECFF4D1D660A220001935E /* DPAResourceCellOptionPopUpView.xib in Resources */,
				04BCC4CA1D62FDE9004F8543 /* Assets.xcassets in Resources */,
				04DED0731D6D7B5D00EC03BB /* login.png in Resources */,
				04D8126A1D647F2D00D3246A /* menu.png in Resources */,
				042FC13E1D66BA8600244EF0 /* DPASideMenuTableViewCell.xib in Resources */,
				04AD70BE1D65A21E009ECE73 /* menu@2x.png in Resources */,
				04DED0751D6D7BA300EC03BB /* favorite.png in Resources */,
				04AD70BD1D65A21E009ECE73 /* menu@1x.png in Resources */,
				04DED06F1D6D7B2100EC03BB /* home.png in Resources */,
				04DED0771D6D7BD700EC03BB /* setting.png in Resources */,
				0480E1391D6DEDE8000F9338 /* DPAResourceDetailStretchyHeaderView.xib in Resources */,
				0480E1411D6E0595000F9338 /* back.png in Resources */,
				04BCC4E61D630597004F8543 /* ResourceCollectionViewCell.xib in Resources */,
				04E8F0AD1D64BEC600F99109 /* DPASelectorView.xib in Resources */,
				04BCC4C51D62FDE9004F8543 /* Main.storyboard in Resources */,
			);
			runOnlyForDeploymentPostprocessing = 0;
		};
/* End PBXResourcesBuildPhase section */

/* Begin PBXShellScriptBuildPhase section */
		249641C8104115A0E8C202C6 /* [CP] Embed Pods Frameworks */ = {
			isa = PBXShellScriptBuildPhase;
			buildActionMask = 2147483647;
			files = (
			);
			inputPaths = (
			);
			name = "[CP] Embed Pods Frameworks";
			outputPaths = (
			);
			runOnlyForDeploymentPostprocessing = 0;
			shellPath = /bin/sh;
			shellScript = "\"${SRCROOT}/Pods/Target Support Files/Pods-DiepPhapAm/Pods-DiepPhapAm-frameworks.sh\"\n";
			showEnvVarsInLog = 0;
		};
		773E2917543231A1C191A6A5 /* [CP] Check Pods Manifest.lock */ = {
			isa = PBXShellScriptBuildPhase;
			buildActionMask = 2147483647;
			files = (
			);
			inputPaths = (
			);
			name = "[CP] Check Pods Manifest.lock";
			outputPaths = (
			);
			runOnlyForDeploymentPostprocessing = 0;
			shellPath = /bin/sh;
			shellScript = "diff \"${PODS_ROOT}/../Podfile.lock\" \"${PODS_ROOT}/Manifest.lock\" > /dev/null\nif [[ $? != 0 ]] ; then\n    cat << EOM\nerror: The sandbox is not in sync with the Podfile.lock. Run 'pod install' or update your CocoaPods installation.\nEOM\n    exit 1\nfi\n";
			showEnvVarsInLog = 0;
		};
		F101BD75984EEE077ECD9283 /* [CP] Copy Pods Resources */ = {
			isa = PBXShellScriptBuildPhase;
			buildActionMask = 2147483647;
			files = (
			);
			inputPaths = (
			);
			name = "[CP] Copy Pods Resources";
			outputPaths = (
			);
			runOnlyForDeploymentPostprocessing = 0;
			shellPath = /bin/sh;
			shellScript = "\"${SRCROOT}/Pods/Target Support Files/Pods-DiepPhapAm/Pods-DiepPhapAm-resources.sh\"\n";
			showEnvVarsInLog = 0;
		};
/* End PBXShellScriptBuildPhase section */

/* Begin PBXSourcesBuildPhase section */
		04BCC4B81D62FDE9004F8543 /* Sources */ = {
			isa = PBXSourcesBuildPhase;
			buildActionMask = 2147483647;
			files = (
				0480E13B1D6DF8DB000F9338 /* DPAResourceDetailViewController.swift in Sources */,
				04BCC4C81D62FDE9004F8543 /* DiepPhapAm.xcdatamodeld in Sources */,
				04E07A141D63334200AB6A7E /* DpaAPI.swift in Sources */,
				047667D81D63EBB300F0E0A6 /* DPACollectionVCCustomFlow.swift in Sources */,
				04F728A31D6BD6E900C41954 /* DPACoreDatabase.swift in Sources */,
				04ECFF4F1D660B3D0001935E /* DPAResourceCellOptionPopUpView.swift in Sources */,
				04AD70C31D65B47B009ECE73 /* DPASideViewController.swift in Sources */,
				04E8F0AB1D64BCC700F99109 /* DPASelectorView.swift in Sources */,
				04E07A121D63314C00AB6A7E /* DPAResource.swift in Sources */,
				049E36851D6411DA00AC924E /* DPALinks.swift in Sources */,
				04BCC4C21D62FDE9004F8543 /* ViewController.swift in Sources */,
				04F728A51D6C1EBD00C41954 /* DPAFavoriteViewController.swift in Sources */,
				042FC1401D66BF2100244EF0 /* DPASideMenuTableViewCell.swift in Sources */,
				04BCC4D51D62FF85004F8543 /* DPAViewController.swift in Sources */,
				04BCC4DA1D6303ED004F8543 /* ResourceCollectionViewCell.swift in Sources */,
				0480E1371D6DED2E000F9338 /* DPAResourceDetailStretchyHeaderView.swift in Sources */,
				04BCC4C01D62FDE9004F8543 /* AppDelegate.swift in Sources */,
				04BEDEC51D675C620045F505 /* DPACategory.swift in Sources */,
				04E26DE41D68075D00336506 /* DPACategoryTableViewCell.swift in Sources */,
			);
			runOnlyForDeploymentPostprocessing = 0;
		};
/* End PBXSourcesBuildPhase section */

/* Begin PBXVariantGroup section */
		04BCC4C31D62FDE9004F8543 /* Main.storyboard */ = {
			isa = PBXVariantGroup;
			children = (
				04BCC4C41D62FDE9004F8543 /* Base */,
			);
			name = Main.storyboard;
			sourceTree = "<group>";
		};
		04BCC4CB1D62FDE9004F8543 /* LaunchScreen.storyboard */ = {
			isa = PBXVariantGroup;
			children = (
				04BCC4CC1D62FDE9004F8543 /* Base */,
			);
			name = LaunchScreen.storyboard;
			sourceTree = "<group>";
		};
/* End PBXVariantGroup section */

/* Begin XCBuildConfiguration section */
		04BCC4CF1D62FDE9004F8543 /* Debug */ = {
			isa = XCBuildConfiguration;
			buildSettings = {
				ALWAYS_SEARCH_USER_PATHS = NO;
				CLANG_CXX_LANGUAGE_STANDARD = "gnu++0x";
				CLANG_CXX_LIBRARY = "libc++";
				CLANG_ENABLE_MODULES = YES;
				CLANG_ENABLE_OBJC_ARC = YES;
				CLANG_WARN_BOOL_CONVERSION = YES;
				CLANG_WARN_CONSTANT_CONVERSION = YES;
				CLANG_WARN_DIRECT_OBJC_ISA_USAGE = YES_ERROR;
				CLANG_WARN_EMPTY_BODY = YES;
				CLANG_WARN_ENUM_CONVERSION = YES;
				CLANG_WARN_INT_CONVERSION = YES;
				CLANG_WARN_OBJC_ROOT_CLASS = YES_ERROR;
				CLANG_WARN_UNREACHABLE_CODE = YES;
				CLANG_WARN__DUPLICATE_METHOD_MATCH = YES;
				"CODE_SIGN_IDENTITY[sdk=iphoneos*]" = "iPhone Developer";
				COPY_PHASE_STRIP = NO;
				DEBUG_INFORMATION_FORMAT = dwarf;
				ENABLE_STRICT_OBJC_MSGSEND = YES;
				ENABLE_TESTABILITY = YES;
				GCC_C_LANGUAGE_STANDARD = gnu99;
				GCC_DYNAMIC_NO_PIC = NO;
				GCC_NO_COMMON_BLOCKS = YES;
				GCC_OPTIMIZATION_LEVEL = 0;
				GCC_PREPROCESSOR_DEFINITIONS = (
					"DEBUG=1",
					"$(inherited)",
				);
				GCC_WARN_64_TO_32_BIT_CONVERSION = YES;
				GCC_WARN_ABOUT_RETURN_TYPE = YES_ERROR;
				GCC_WARN_UNDECLARED_SELECTOR = YES;
				GCC_WARN_UNINITIALIZED_AUTOS = YES_AGGRESSIVE;
				GCC_WARN_UNUSED_FUNCTION = YES;
				GCC_WARN_UNUSED_VARIABLE = YES;
				IPHONEOS_DEPLOYMENT_TARGET = 9.2;
				MTL_ENABLE_DEBUG_INFO = YES;
				ONLY_ACTIVE_ARCH = YES;
				SDKROOT = iphoneos;
				SWIFT_OPTIMIZATION_LEVEL = "-Onone";
				TARGETED_DEVICE_FAMILY = "1,2";
			};
			name = Debug;
		};
		04BCC4D01D62FDE9004F8543 /* Release */ = {
			isa = XCBuildConfiguration;
			buildSettings = {
				ALWAYS_SEARCH_USER_PATHS = NO;
				CLANG_CXX_LANGUAGE_STANDARD = "gnu++0x";
				CLANG_CXX_LIBRARY = "libc++";
				CLANG_ENABLE_MODULES = YES;
				CLANG_ENABLE_OBJC_ARC = YES;
				CLANG_WARN_BOOL_CONVERSION = YES;
				CLANG_WARN_CONSTANT_CONVERSION = YES;
				CLANG_WARN_DIRECT_OBJC_ISA_USAGE = YES_ERROR;
				CLANG_WARN_EMPTY_BODY = YES;
				CLANG_WARN_ENUM_CONVERSION = YES;
				CLANG_WARN_INT_CONVERSION = YES;
				CLANG_WARN_OBJC_ROOT_CLASS = YES_ERROR;
				CLANG_WARN_UNREACHABLE_CODE = YES;
				CLANG_WARN__DUPLICATE_METHOD_MATCH = YES;
				"CODE_SIGN_IDENTITY[sdk=iphoneos*]" = "iPhone Developer";
				COPY_PHASE_STRIP = NO;
				DEBUG_INFORMATION_FORMAT = "dwarf-with-dsym";
				ENABLE_NS_ASSERTIONS = NO;
				ENABLE_STRICT_OBJC_MSGSEND = YES;
				GCC_C_LANGUAGE_STANDARD = gnu99;
				GCC_NO_COMMON_BLOCKS = YES;
				GCC_WARN_64_TO_32_BIT_CONVERSION = YES;
				GCC_WARN_ABOUT_RETURN_TYPE = YES_ERROR;
				GCC_WARN_UNDECLARED_SELECTOR = YES;
				GCC_WARN_UNINITIALIZED_AUTOS = YES_AGGRESSIVE;
				GCC_WARN_UNUSED_FUNCTION = YES;
				GCC_WARN_UNUSED_VARIABLE = YES;
				IPHONEOS_DEPLOYMENT_TARGET = 9.2;
				MTL_ENABLE_DEBUG_INFO = NO;
				SDKROOT = iphoneos;
				TARGETED_DEVICE_FAMILY = "1,2";
				VALIDATE_PRODUCT = YES;
			};
			name = Release;
		};
		04BCC4D21D62FDE9004F8543 /* Debug */ = {
			isa = XCBuildConfiguration;
			baseConfigurationReference = 4D71D64EEBDB549807623FF7 /* Pods-DiepPhapAm.debug.xcconfig */;
			buildSettings = {
				ASSETCATALOG_COMPILER_APPICON_NAME = AppIcon;
				CLANG_ENABLE_MODULES = YES;
				INFOPLIST_FILE = DiepPhapAm/Info.plist;
				LD_RUNPATH_SEARCH_PATHS = "$(inherited) @executable_path/Frameworks";
				PRODUCT_BUNDLE_IDENTIFIER = LeDucAnh.DiepPhapAm;
				PRODUCT_NAME = "$(TARGET_NAME)";
				SWIFT_OBJC_BRIDGING_HEADER = "DiepPhapAm-Bridging-Header.h";
				SWIFT_OPTIMIZATION_LEVEL = "-Onone";
			};
			name = Debug;
		};
		04BCC4D31D62FDE9004F8543 /* Release */ = {
			isa = XCBuildConfiguration;
			baseConfigurationReference = EACFBEA0E682B4A55BF873A8 /* Pods-DiepPhapAm.release.xcconfig */;
			buildSettings = {
				ASSETCATALOG_COMPILER_APPICON_NAME = AppIcon;
				CLANG_ENABLE_MODULES = YES;
				INFOPLIST_FILE = DiepPhapAm/Info.plist;
				LD_RUNPATH_SEARCH_PATHS = "$(inherited) @executable_path/Frameworks";
				PRODUCT_BUNDLE_IDENTIFIER = LeDucAnh.DiepPhapAm;
				PRODUCT_NAME = "$(TARGET_NAME)";
				SWIFT_OBJC_BRIDGING_HEADER = "DiepPhapAm-Bridging-Header.h";
			};
			name = Release;
		};
/* End XCBuildConfiguration section */

/* Begin XCConfigurationList section */
		04BCC4B71D62FDE9004F8543 /* Build configuration list for PBXProject "DiepPhapAm" */ = {
			isa = XCConfigurationList;
			buildConfigurations = (
				04BCC4CF1D62FDE9004F8543 /* Debug */,
				04BCC4D01D62FDE9004F8543 /* Release */,
			);
			defaultConfigurationIsVisible = 0;
			defaultConfigurationName = Release;
		};
		04BCC4D11D62FDE9004F8543 /* Build configuration list for PBXNativeTarget "DiepPhapAm" */ = {
			isa = XCConfigurationList;
			buildConfigurations = (
				04BCC4D21D62FDE9004F8543 /* Debug */,
				04BCC4D31D62FDE9004F8543 /* Release */,
			);
			defaultConfigurationIsVisible = 0;
			defaultConfigurationName = Release;
		};
/* End XCConfigurationList section */

/* Begin XCVersionGroup section */
		04BCC4C61D62FDE9004F8543 /* DiepPhapAm.xcdatamodeld */ = {
			isa = XCVersionGroup;
			children = (
				04BCC4C71D62FDE9004F8543 /* DiepPhapAm.xcdatamodel */,
			);
			currentVersion = 04BCC4C71D62FDE9004F8543 /* DiepPhapAm.xcdatamodel */;
			path = DiepPhapAm.xcdatamodeld;
			sourceTree = "<group>";
			versionGroupType = wrapper.xcdatamodel;
		};
/* End XCVersionGroup section */
	};
	rootObject = 04BCC4B41D62FDE9004F8543 /* Project object */;
}
