// !$*UTF8*$!
{
	archiveVersion = 1;
	classes = {
	};
	objectVersion = 46;
	objects = {

/* Begin PBXBuildFile section */
		04BCC4C01D62FDE9004F8543 /* AppDelegate.swift in Sources */ = {isa = PBXBuildFile; fileRef = 04BCC4BF1D62FDE9004F8543 /* AppDelegate.swift */; };
		04BCC4C21D62FDE9004F8543 /* ViewController.swift in Sources */ = {isa = PBXBuildFile; fileRef = 04BCC4C11D62FDE9004F8543 /* ViewController.swift */; };
		04BCC4C51D62FDE9004F8543 /* Main.storyboard in Resources */ = {isa = PBXBuildFile; fileRef = 04BCC4C31D62FDE9004F8543 /* Main.storyboard */; };
		04BCC4C81D62FDE9004F8543 /* DiepPhapAm.xcdatamodeld in Sources */ = {isa = PBXBuildFile; fileRef = 04BCC4C61D62FDE9004F8543 /* DiepPhapAm.xcdatamodeld */; };
		04BCC4CA1D62FDE9004F8543 /* Assets.xcassets in Resources */ = {isa = PBXBuildFile; fileRef = 04BCC4C91D62FDE9004F8543 /* Assets.xcassets */; };
		04BCC4CD1D62FDE9004F8543 /* LaunchScreen.storyboard in Resources */ = {isa = PBXBuildFile; fileRef = 04BCC4CB1D62FDE9004F8543 /* LaunchScreen.storyboard */; };
		04BCC4D51D62FF85004F8543 /* DPAViewController.swift in Sources */ = {isa = PBXBuildFile; fileRef = 04BCC4D41D62FF85004F8543 /* DPAViewController.swift */; };
		04BCC4DA1D6303ED004F8543 /* ResourceCollectionViewCell.swift in Sources */ = {isa = PBXBuildFile; fileRef = 04BCC4D91D6303ED004F8543 /* ResourceCollectionViewCell.swift */; };
		04BCC4E61D630597004F8543 /* ResourceCollectionViewCell.xib in Resources */ = {isa = PBXBuildFile; fileRef = 04BCC4E51D630597004F8543 /* ResourceCollectionViewCell.xib */; };
		04E07A121D63314C00AB6A7E /* DPAResource.swift in Sources */ = {isa = PBXBuildFile; fileRef = 04E07A111D63314C00AB6A7E /* DPAResource.swift */; };
		04E07A141D63334200AB6A7E /* DpaAPI.swift in Sources */ = {isa = PBXBuildFile; fileRef = 04E07A131D63334200AB6A7E /* DpaAPI.swift */; };
/* End PBXBuildFile section */

/* Begin PBXFileReference section */
		04BCC4BC1D62FDE9004F8543 /* DiepPhapAm.app */ = {isa = PBXFileReference; explicitFileType = wrapper.application; includeInIndex = 0; path = DiepPhapAm.app; sourceTree = BUILT_PRODUCTS_DIR; };
		04BCC4BF1D62FDE9004F8543 /* AppDelegate.swift */ = {isa = PBXFileReference; lastKnownFileType = sourcecode.swift; path = AppDelegate.swift; sourceTree = "<group>"; };
		04BCC4C11D62FDE9004F8543 /* ViewController.swift */ = {isa = PBXFileReference; lastKnownFileType = sourcecode.swift; path = ViewController.swift; sourceTree = "<group>"; };
		04BCC4C41D62FDE9004F8543 /* Base */ = {isa = PBXFileReference; lastKnownFileType = file.storyboard; name = Base; path = Base.lproj/Main.storyboard; sourceTree = "<group>"; };
		04BCC4C71D62FDE9004F8543 /* DiepPhapAm.xcdatamodel */ = {isa = PBXFileReference; lastKnownFileType = wrapper.xcdatamodel; path = DiepPhapAm.xcdatamodel; sourceTree = "<group>"; };
		04BCC4C91D62FDE9004F8543 /* Assets.xcassets */ = {isa = PBXFileReference; lastKnownFileType = folder.assetcatalog; path = Assets.xcassets; sourceTree = "<group>"; };
		04BCC4CC1D62FDE9004F8543 /* Base */ = {isa = PBXFileReference; lastKnownFileType = file.storyboard; name = Base; path = Base.lproj/LaunchScreen.storyboard; sourceTree = "<group>"; };
		04BCC4CE1D62FDE9004F8543 /* Info.plist */ = {isa = PBXFileReference; lastKnownFileType = text.plist.xml; path = Info.plist; sourceTree = "<group>"; };
		04BCC4D41D62FF85004F8543 /* DPAViewController.swift */ = {isa = PBXFileReference; fileEncoding = 4; lastKnownFileType = sourcecode.swift; path = DPAViewController.swift; sourceTree = "<group>"; };
		04BCC4D91D6303ED004F8543 /* ResourceCollectionViewCell.swift */ = {isa = PBXFileReference; fileEncoding = 4; lastKnownFileType = sourcecode.swift; path = ResourceCollectionViewCell.swift; sourceTree = "<group>"; };
		04BCC4E51D630597004F8543 /* ResourceCollectionViewCell.xib */ = {isa = PBXFileReference; fileEncoding = 4; lastKnownFileType = file.xib; path = ResourceCollectionViewCell.xib; sourceTree = "<group>"; };
		04E07A111D63314C00AB6A7E /* DPAResource.swift */ = {isa = PBXFileReference; fileEncoding = 4; lastKnownFileType = sourcecode.swift; path = DPAResource.swift; sourceTree = "<group>"; };
		04E07A131D63334200AB6A7E /* DpaAPI.swift */ = {isa = PBXFileReference; fileEncoding = 4; lastKnownFileType = sourcecode.swift; path = DpaAPI.swift; sourceTree = "<group>"; };
/* End PBXFileReference section */

/* Begin PBXFrameworksBuildPhase section */
		04BCC4B91D62FDE9004F8543 /* Frameworks */ = {
			isa = PBXFrameworksBuildPhase;
			buildActionMask = 2147483647;
			files = (
			);
			runOnlyForDeploymentPostprocessing = 0;
		};
/* End PBXFrameworksBuildPhase section */

/* Begin PBXGroup section */
		04BCC4B31D62FDE9004F8543 = {
			isa = PBXGroup;
			children = (
				04BCC4BE1D62FDE9004F8543 /* DiepPhapAm */,
				04BCC4BD1D62FDE9004F8543 /* Products */,
			);
			sourceTree = "<group>";
		};
		04BCC4BD1D62FDE9004F8543 /* Products */ = {
			isa = PBXGroup;
			children = (
				04BCC4BC1D62FDE9004F8543 /* DiepPhapAm.app */,
			);
			name = Products;
			sourceTree = "<group>";
		};
		04BCC4BE1D62FDE9004F8543 /* DiepPhapAm */ = {
			isa = PBXGroup;
			children = (
				04BCC4D71D63027D004F8543 /* Views */,
				04BCC4D81D630285004F8543 /* Controllers */,
				04BCC4D61D630278004F8543 /* Models */,
				04BCC4BF1D62FDE9004F8543 /* AppDelegate.swift */,
				04BCC4C11D62FDE9004F8543 /* ViewController.swift */,
				04BCC4C31D62FDE9004F8543 /* Main.storyboard */,
				04BCC4C91D62FDE9004F8543 /* Assets.xcassets */,
				04BCC4CB1D62FDE9004F8543 /* LaunchScreen.storyboard */,
				04BCC4CE1D62FDE9004F8543 /* Info.plist */,
				04BCC4C61D62FDE9004F8543 /* DiepPhapAm.xcdatamodeld */,
			);
			path = DiepPhapAm;
			sourceTree = "<group>";
		};
		04BCC4D61D630278004F8543 /* Models */ = {
			isa = PBXGroup;
			children = (
				04E07A111D63314C00AB6A7E /* DPAResource.swift */,
				04E07A131D63334200AB6A7E /* DpaAPI.swift */,
			);
			name = Models;
			sourceTree = "<group>";
		};
		04BCC4D71D63027D004F8543 /* Views */ = {
			isa = PBXGroup;
			children = (
				04BCC4DB1D6303F3004F8543 /* Resource */,
			);
			name = Views;
			sourceTree = "<group>";
		};
		04BCC4D81D630285004F8543 /* Controllers */ = {
			isa = PBXGroup;
			children = (
				04BCC4D41D62FF85004F8543 /* DPAViewController.swift */,
			);
			name = Controllers;
			sourceTree = "<group>";
		};
		04BCC4DB1D6303F3004F8543 /* Resource */ = {
			isa = PBXGroup;
			children = (
				04BCC4D91D6303ED004F8543 /* ResourceCollectionViewCell.swift */,
				04BCC4E51D630597004F8543 /* ResourceCollectionViewCell.xib */,
			);
			name = Resource;
			sourceTree = "<group>";
		};
/* End PBXGroup section */

/* Begin PBXNativeTarget section */
		04BCC4BB1D62FDE9004F8543 /* DiepPhapAm */ = {
			isa = PBXNativeTarget;
			buildConfigurationList = 04BCC4D11D62FDE9004F8543 /* Build configuration list for PBXNativeTarget "DiepPhapAm" */;
			buildPhases = (
				04BCC4B81D62FDE9004F8543 /* Sources */,
				04BCC4B91D62FDE9004F8543 /* Frameworks */,
				04BCC4BA1D62FDE9004F8543 /* Resources */,
			);
			buildRules = (
			);
			dependencies = (
			);
			name = DiepPhapAm;
			productName = DiepPhapAm;
			productReference = 04BCC4BC1D62FDE9004F8543 /* DiepPhapAm.app */;
			productType = "com.apple.product-type.application";
		};
/* End PBXNativeTarget section */

/* Begin PBXProject section */
		04BCC4B41D62FDE9004F8543 /* Project object */ = {
			isa = PBXProject;
			attributes = {
				LastSwiftUpdateCheck = 0720;
				LastUpgradeCheck = 0720;
				ORGANIZATIONNAME = LeDucAnh;
				TargetAttributes = {
					04BCC4BB1D62FDE9004F8543 = {
						CreatedOnToolsVersion = 7.2.1;
					};
				};
			};
			buildConfigurationList = 04BCC4B71D62FDE9004F8543 /* Build configuration list for PBXProject "DiepPhapAm" */;
			compatibilityVersion = "Xcode 3.2";
			developmentRegion = English;
			hasScannedForEncodings = 0;
			knownRegions = (
				en,
				Base,
			);
			mainGroup = 04BCC4B31D62FDE9004F8543;
			productRefGroup = 04BCC4BD1D62FDE9004F8543 /* Products */;
			projectDirPath = "";
			projectRoot = "";
			targets = (
				04BCC4BB1D62FDE9004F8543 /* DiepPhapAm */,
			);
		};
/* End PBXProject section */

/* Begin PBXResourcesBuildPhase section */
		04BCC4BA1D62FDE9004F8543 /* Resources */ = {
			isa = PBXResourcesBuildPhase;
			buildActionMask = 2147483647;
			files = (
				04BCC4CD1D62FDE9004F8543 /* LaunchScreen.storyboard in Resources */,
				04BCC4CA1D62FDE9004F8543 /* Assets.xcassets in Resources */,
				04BCC4E61D630597004F8543 /* ResourceCollectionViewCell.xib in Resources */,
				04BCC4C51D62FDE9004F8543 /* Main.storyboard in Resources */,
			);
			runOnlyForDeploymentPostprocessing = 0;
		};
/* End PBXResourcesBuildPhase section */

/* Begin PBXSourcesBuildPhase section */
		04BCC4B81D62FDE9004F8543 /* Sources */ = {
			isa = PBXSourcesBuildPhase;
			buildActionMask = 2147483647;
			files = (
				04BCC4C81D62FDE9004F8543 /* DiepPhapAm.xcdatamodeld in Sources */,
				04E07A141D63334200AB6A7E /* DpaAPI.swift in Sources */,
				04E07A121D63314C00AB6A7E /* DPAResource.swift in Sources */,
				04BCC4C21D62FDE9004F8543 /* ViewController.swift in Sources */,
				04BCC4D51D62FF85004F8543 /* DPAViewController.swift in Sources */,
				04BCC4DA1D6303ED004F8543 /* ResourceCollectionViewCell.swift in Sources */,
				04BCC4C01D62FDE9004F8543 /* AppDelegate.swift in Sources */,
			);
			runOnlyForDeploymentPostprocessing = 0;
		};
/* End PBXSourcesBuildPhase section */

/* Begin PBXVariantGroup section */
		04BCC4C31D62FDE9004F8543 /* Main.storyboard */ = {
			isa = PBXVariantGroup;
			children = (
				04BCC4C41D62FDE9004F8543 /* Base */,
			);
			name = Main.storyboard;
			sourceTree = "<group>";
		};
		04BCC4CB1D62FDE9004F8543 /* LaunchScreen.storyboard */ = {
			isa = PBXVariantGroup;
			children = (
				04BCC4CC1D62FDE9004F8543 /* Base */,
			);
			name = LaunchScreen.storyboard;
			sourceTree = "<group>";
		};
/* End PBXVariantGroup section */

/* Begin XCBuildConfiguration section */
		04BCC4CF1D62FDE9004F8543 /* Debug */ = {
			isa = XCBuildConfiguration;
			buildSettings = {
				ALWAYS_SEARCH_USER_PATHS = NO;
				CLANG_CXX_LANGUAGE_STANDARD = "gnu++0x";
				CLANG_CXX_LIBRARY = "libc++";
				CLANG_ENABLE_MODULES = YES;
				CLANG_ENABLE_OBJC_ARC = YES;
				CLANG_WARN_BOOL_CONVERSION = YES;
				CLANG_WARN_CONSTANT_CONVERSION = YES;
				CLANG_WARN_DIRECT_OBJC_ISA_USAGE = YES_ERROR;
				CLANG_WARN_EMPTY_BODY = YES;
				CLANG_WARN_ENUM_CONVERSION = YES;
				CLANG_WARN_INT_CONVERSION = YES;
				CLANG_WARN_OBJC_ROOT_CLASS = YES_ERROR;
				CLANG_WARN_UNREACHABLE_CODE = YES;
				CLANG_WARN__DUPLICATE_METHOD_MATCH = YES;
				"CODE_SIGN_IDENTITY[sdk=iphoneos*]" = "iPhone Developer";
				COPY_PHASE_STRIP = NO;
				DEBUG_INFORMATION_FORMAT = dwarf;
				ENABLE_STRICT_OBJC_MSGSEND = YES;
				ENABLE_TESTABILITY = YES;
				GCC_C_LANGUAGE_STANDARD = gnu99;
				GCC_DYNAMIC_NO_PIC = NO;
				GCC_NO_COMMON_BLOCKS = YES;
				GCC_OPTIMIZATION_LEVEL = 0;
				GCC_PREPROCESSOR_DEFINITIONS = (
					"DEBUG=1",
					"$(inherited)",
				);
				GCC_WARN_64_TO_32_BIT_CONVERSION = YES;
				GCC_WARN_ABOUT_RETURN_TYPE = YES_ERROR;
				GCC_WARN_UNDECLARED_SELECTOR = YES;
				GCC_WARN_UNINITIALIZED_AUTOS = YES_AGGRESSIVE;
				GCC_WARN_UNUSED_FUNCTION = YES;
				GCC_WARN_UNUSED_VARIABLE = YES;
				IPHONEOS_DEPLOYMENT_TARGET = 9.2;
				MTL_ENABLE_DEBUG_INFO = YES;
				ONLY_ACTIVE_ARCH = YES;
				SDKROOT = iphoneos;
				SWIFT_OPTIMIZATION_LEVEL = "-Onone";
				TARGETED_DEVICE_FAMILY = "1,2";
			};
			name = Debug;
		};
		04BCC4D01D62FDE9004F8543 /* Release */ = {
			isa = XCBuildConfiguration;
			buildSettings = {
				ALWAYS_SEARCH_USER_PATHS = NO;
				CLANG_CXX_LANGUAGE_STANDARD = "gnu++0x";
				CLANG_CXX_LIBRARY = "libc++";
				CLANG_ENABLE_MODULES = YES;
				CLANG_ENABLE_OBJC_ARC = YES;
				CLANG_WARN_BOOL_CONVERSION = YES;
				CLANG_WARN_CONSTANT_CONVERSION = YES;
				CLANG_WARN_DIRECT_OBJC_ISA_USAGE = YES_ERROR;
				CLANG_WARN_EMPTY_BODY = YES;
				CLANG_WARN_ENUM_CONVERSION = YES;
				CLANG_WARN_INT_CONVERSION = YES;
				CLANG_WARN_OBJC_ROOT_CLASS = YES_ERROR;
				CLANG_WARN_UNREACHABLE_CODE = YES;
				CLANG_WARN__DUPLICATE_METHOD_MATCH = YES;
				"CODE_SIGN_IDENTITY[sdk=iphoneos*]" = "iPhone Developer";
				COPY_PHASE_STRIP = NO;
				DEBUG_INFORMATION_FORMAT = "dwarf-with-dsym";
				ENABLE_NS_ASSERTIONS = NO;
				ENABLE_STRICT_OBJC_MSGSEND = YES;
				GCC_C_LANGUAGE_STANDARD = gnu99;
				GCC_NO_COMMON_BLOCKS = YES;
				GCC_WARN_64_TO_32_BIT_CONVERSION = YES;
				GCC_WARN_ABOUT_RETURN_TYPE = YES_ERROR;
				GCC_WARN_UNDECLARED_SELECTOR = YES;
				GCC_WARN_UNINITIALIZED_AUTOS = YES_AGGRESSIVE;
				GCC_WARN_UNUSED_FUNCTION = YES;
				GCC_WARN_UNUSED_VARIABLE = YES;
				IPHONEOS_DEPLOYMENT_TARGET = 9.2;
				MTL_ENABLE_DEBUG_INFO = NO;
				SDKROOT = iphoneos;
				TARGETED_DEVICE_FAMILY = "1,2";
				VALIDATE_PRODUCT = YES;
			};
			name = Release;
		};
		04BCC4D21D62FDE9004F8543 /* Debug */ = {
			isa = XCBuildConfiguration;
			buildSettings = {
				ASSETCATALOG_COMPILER_APPICON_NAME = AppIcon;
				INFOPLIST_FILE = DiepPhapAm/Info.plist;
				LD_RUNPATH_SEARCH_PATHS = "$(inherited) @executable_path/Frameworks";
				PRODUCT_BUNDLE_IDENTIFIER = LeDucAnh.DiepPhapAm;
				PRODUCT_NAME = "$(TARGET_NAME)";
			};
			name = Debug;
		};
		04BCC4D31D62FDE9004F8543 /* Release */ = {
			isa = XCBuildConfiguration;
			buildSettings = {
				ASSETCATALOG_COMPILER_APPICON_NAME = AppIcon;
				INFOPLIST_FILE = DiepPhapAm/Info.plist;
				LD_RUNPATH_SEARCH_PATHS = "$(inherited) @executable_path/Frameworks";
				PRODUCT_BUNDLE_IDENTIFIER = LeDucAnh.DiepPhapAm;
				PRODUCT_NAME = "$(TARGET_NAME)";
			};
			name = Release;
		};
/* End XCBuildConfiguration section */

/* Begin XCConfigurationList section */
		04BCC4B71D62FDE9004F8543 /* Build configuration list for PBXProject "DiepPhapAm" */ = {
			isa = XCConfigurationList;
			buildConfigurations = (
				04BCC4CF1D62FDE9004F8543 /* Debug */,
				04BCC4D01D62FDE9004F8543 /* Release */,
			);
			defaultConfigurationIsVisible = 0;
			defaultConfigurationName = Release;
		};
		04BCC4D11D62FDE9004F8543 /* Build configuration list for PBXNativeTarget "DiepPhapAm" */ = {
			isa = XCConfigurationList;
			buildConfigurations = (
				04BCC4D21D62FDE9004F8543 /* Debug */,
				04BCC4D31D62FDE9004F8543 /* Release */,
			);
			defaultConfigurationIsVisible = 0;
			defaultConfigurationName = Release;
		};
/* End XCConfigurationList section */

/* Begin XCVersionGroup section */
		04BCC4C61D62FDE9004F8543 /* DiepPhapAm.xcdatamodeld */ = {
			isa = XCVersionGroup;
			children = (
				04BCC4C71D62FDE9004F8543 /* DiepPhapAm.xcdatamodel */,
			);
			currentVersion = 04BCC4C71D62FDE9004F8543 /* DiepPhapAm.xcdatamodel */;
			path = DiepPhapAm.xcdatamodeld;
			sourceTree = "<group>";
			versionGroupType = wrapper.xcdatamodel;
		};
/* End XCVersionGroup section */
	};
	rootObject = 04BCC4B41D62FDE9004F8543 /* Project object */;
}
